
Microsoft Visual Studio Solution File, Format Version 12.00
# Visual Studio 14
VisualStudioVersion = 14.0.24720.0
MinimumVisualStudioVersion = 10.0.40219.1
Project("{FAE04EC0-301F-11D3-BF4B-00C04F79EFBC}") = "SingleSignIn.SSO", "SingleSignIn.SSO\SingleSignIn.SSO.csproj", "{0835743D-A014-4AC4-92D5-9549FE3D8A89}"
EndProject
Project("{FAE04EC0-301F-11D3-BF4B-00C04F79EFBC}") = "SingleSignIn.WebApp1", "SingleSignIn.WebApp1\SingleSignIn.WebApp1.csproj", "{BF46A119-944A-47FE-B76B-7EB3D52AADDD}"
EndProject
Project("{FAE04EC0-301F-11D3-BF4B-00C04F79EFBC}") = "SingleSignIn.WebApp2", "SingleSignIn.WebApp2\SingleSignIn.WebApp2.csproj", "{A8E6A7C6-CE32-4C52-BFC1-8DD788832D96}"
EndProject
Global
	GlobalSection(SolutionConfigurationPlatforms) = preSolution
		Debug|Any CPU = Debug|Any CPU
		Release|Any CPU = Release|Any CPU
	EndGlobalSection
	GlobalSection(ProjectConfigurationPlatforms) = postSolution
		{0835743D-A014-4AC4-92D5-9549FE3D8A89}.Debug|Any CPU.ActiveCfg = Debug|Any CPU
		{0835743D-A014-4AC4-92D5-9549FE3D8A89}.Debug|Any CPU.Build.0 = Debug|Any CPU
		{0835743D-A014-4AC4-92D5-9549FE3D8A89}.Release|Any CPU.ActiveCfg = Release|Any CPU
		{0835743D-A014-4AC4-92D5-9549FE3D8A89}.Release|Any CPU.Build.0 = Release|Any CPU
		{BF46A119-944A-47FE-B76B-7EB3D52AADDD}.Debug|Any CPU.ActiveCfg = Debug|Any CPU
		{BF46A119-944A-47FE-B76B-7EB3D52AADDD}.Debug|Any CPU.Build.0 = Debug|Any CPU
		{BF46A119-944A-47FE-B76B-7EB3D52AADDD}.Release|Any CPU.ActiveCfg = Release|Any CPU
		{BF46A119-944A-47FE-B76B-7EB3D52AADDD}.Release|Any CPU.Build.0 = Release|Any CPU
		{A8E6A7C6-CE32-4C52-BFC1-8DD788832D96}.Debug|Any CPU.ActiveCfg = Debug|Any CPU
		{A8E6A7C6-CE32-4C52-BFC1-8DD788832D96}.Debug|Any CPU.Build.0 = Debug|Any CPU
		{A8E6A7C6-CE32-4C52-BFC1-8DD788832D96}.Release|Any CPU.ActiveCfg = Release|Any CPU
		{A8E6A7C6-CE32-4C52-BFC1-8DD788832D96}.Release|Any CPU.Build.0 = Release|Any CPU
	EndGlobalSection
	GlobalSection(SolutionProperties) = preSolution
		HideSolutionNode = FALSE
	EndGlobalSection
EndGlobal
